
Microsoft Visual Studio Solution File, Format Version 12.00
# Visual Studio Version 16
VisualStudioVersion = 16.0.31205.134
MinimumVisualStudioVersion = 10.0.40219.1
Project("{FAE04EC0-301F-11D3-BF4B-00C04F79EFBC}") = "TommyShop", "TommyShop.csproj", "{C6237CE0-1B54-413D-B259-93C113ED9A96}"
EndProject
Global
	GlobalSection(SolutionConfigurationPlatforms) = preSolution
		Debug|Any CPU = Debug|Any CPU
		Release|Any CPU = Release|Any CPU
	EndGlobalSection
	GlobalSection(ProjectConfigurationPlatforms) = postSolution
		{C6237CE0-1B54-413D-B259-93C113ED9A96}.Debug|Any CPU.ActiveCfg = Debug|Any CPU
		{C6237CE0-1B54-413D-B259-93C113ED9A96}.Debug|Any CPU.Build.0 = Debug|Any CPU
		{C6237CE0-1B54-413D-B259-93C113ED9A96}.Release|Any CPU.ActiveCfg = Release|Any CPU
		{C6237CE0-1B54-413D-B259-93C113ED9A96}.Release|Any CPU.Build.0 = Release|Any CPU
	EndGlobalSection
	GlobalSection(SolutionProperties) = preSolution
		HideSolutionNode = FALSE
	EndGlobalSection
	GlobalSection(ExtensibilityGlobals) = postSolution
		SolutionGuid = {D7763696-9844-47B4-AA36-3E7B1492EF8B}
	EndGlobalSection
EndGlobal
